
Microsoft Visual Studio Solution File, Format Version 12.00
# Visual Studio Version 17
VisualStudioVersion = 17.7.34202.233
MinimumVisualStudioVersion = 10.0.40219.1
Project("{FAE04EC0-301F-11D3-BF4B-00C04F79EFBC}") = "PerfectHoliday", "PerfectHoliday.csproj", "{C13CC895-11B0-468C-A840-0A64CE6696A9}"
EndProject
Global
	GlobalSection(SolutionConfigurationPlatforms) = preSolution
		Debug|Any CPU = Debug|Any CPU
		Release|Any CPU = Release|Any CPU
	EndGlobalSection
	GlobalSection(ProjectConfigurationPlatforms) = postSolution
		{C13CC895-11B0-468C-A840-0A64CE6696A9}.Debug|Any CPU.ActiveCfg = Debug|Any CPU
		{C13CC895-11B0-468C-A840-0A64CE6696A9}.Debug|Any CPU.Build.0 = Debug|Any CPU
		{C13CC895-11B0-468C-A840-0A64CE6696A9}.Release|Any CPU.ActiveCfg = Release|Any CPU
		{C13CC895-11B0-468C-A840-0A64CE6696A9}.Release|Any CPU.Build.0 = Release|Any CPU
	EndGlobalSection
	GlobalSection(SolutionProperties) = preSolution
		HideSolutionNode = FALSE
	EndGlobalSection
	GlobalSection(ExtensibilityGlobals) = postSolution
		SolutionGuid = {97B17DD9-F96C-4E54-B22B-A5108783C14E}
	EndGlobalSection
EndGlobal
